{
  "nodes": {
    "darwin": {
      "inputs": {
        "nixpkgs": [
          "nixpkgs"
        ]
      },
      "locked": {
        "lastModified": 1728769175,
        "narHash": "sha256-KtE4F2wTzIpE6fI9diD5dDkUgGAt7IG80TnFqkCD8Ws=",
        "owner": "lnl7",
        "repo": "nix-darwin",
        "rev": "fd0e3ed30b75ddf7f3d94829d80a078b413b6244",
        "type": "github"
      },
      "original": {
        "owner": "lnl7",
        "ref": "master",
        "repo": "nix-darwin",
        "type": "github"
      }
    },
    "home-manager": {
      "inputs": {
        "nixpkgs": [
          "nixpkgs"
        ]
      },
      "locked": {
        "lastModified": 1728726232,
        "narHash": "sha256-8ZWr1HpciQsrFjvPMvZl0W+b0dilZOqXPoKa2Ux36bc=",
        "owner": "nix-community",
        "repo": "home-manager",
        "rev": "d57112db877f07387ce7104b5ac346ede556d2d7",
        "type": "github"
      },
      "original": {
        "owner": "nix-community",
        "repo": "home-manager",
        "type": "github"
      }
    },
    "nixpkgs": {
      "locked": {
        "lastModified": 1728492678,
        "narHash": "sha256-9UTxR8eukdg+XZeHgxW5hQA9fIKHsKCdOIUycTryeVw=",
        "owner": "NixOS",
        "repo": "nixpkgs",
        "rev": "5633bcff0c6162b9e4b5f1264264611e950c8ec7",
        "type": "github"
      },
      "original": {
        "owner": "NixOS",
        "ref": "nixos-unstable",
        "repo": "nixpkgs",
        "type": "github"
      }
    },
    "nur": {
      "locked": {
        "lastModified": 1728778053,
        "narHash": "sha256-cMrvP6KtU70EZXJaG60ASzjia1CoEKN1UuX5BpS93Uw=",
        "owner": "nix-community",
        "repo": "NUR",
        "rev": "c6b7ef33feea3c22ef420ebdf97f547a34d16adf",
        "type": "github"
      },
      "original": {
        "owner": "nix-community",
        "repo": "NUR",
        "type": "github"
      }
    },
    "root": {
      "inputs": {
        "darwin": "darwin",
        "home-manager": "home-manager",
        "nixpkgs": "nixpkgs",
        "nur": "nur"
      }
    }
  },
  "root": "root",
  "version": 7
}
